// !$*UTF8*$!
{
	archiveVersion = 1;
	classes = {
	};
	objectVersion = 56;
	objects = {

/* Begin PBXBuildFile section */
		D00111B72961F70400B5560D /* DetailEditView.swift in Sources */ = {isa = PBXBuildFile; fileRef = D00111B62961F70400B5560D /* DetailEditView.swift */; };
		D00111B92962122600B5560D /* ThemeView.swift in Sources */ = {isa = PBXBuildFile; fileRef = D00111B82962122600B5560D /* ThemeView.swift */; };
		D00111BB2962B3EB00B5560D /* ThemePicker.swift in Sources */ = {isa = PBXBuildFile; fileRef = D00111BA2962B3EB00B5560D /* ThemePicker.swift */; };
		D00111BD2964108200B5560D /* MeetingHeaderView.swift in Sources */ = {isa = PBXBuildFile; fileRef = D00111BC2964108200B5560D /* MeetingHeaderView.swift */; };
		D0040FD22965E81600249147 /* ScrumProgressViewStyle.swift in Sources */ = {isa = PBXBuildFile; fileRef = D0040FD12965E81600249147 /* ScrumProgressViewStyle.swift */; };
		D0040FD42965E8F300249147 /* ScrumTimer.swift in Sources */ = {isa = PBXBuildFile; fileRef = D0040FD32965E8F300249147 /* ScrumTimer.swift */; };
		D0040FD62965ED8F00249147 /* MeetingFooterView.swift in Sources */ = {isa = PBXBuildFile; fileRef = D0040FD52965ED8F00249147 /* MeetingFooterView.swift */; };
		D0040FD82965F23C00249147 /* AVPlayer+Ding.swift in Sources */ = {isa = PBXBuildFile; fileRef = D0040FD72965F23C00249147 /* AVPlayer+Ding.swift */; };
		D0ADB32E295ADA7100E9E779 /* ScrumdingerApp.swift in Sources */ = {isa = PBXBuildFile; fileRef = D0ADB32D295ADA7100E9E779 /* ScrumdingerApp.swift */; };
		D0ADB330295ADA7100E9E779 /* MeetingView.swift in Sources */ = {isa = PBXBuildFile; fileRef = D0ADB32F295ADA7100E9E779 /* MeetingView.swift */; };
		D0ADB332295ADA7300E9E779 /* Assets.xcassets in Resources */ = {isa = PBXBuildFile; fileRef = D0ADB331295ADA7300E9E779 /* Assets.xcassets */; };
		D0ADB335295ADA7300E9E779 /* Preview Assets.xcassets in Resources */ = {isa = PBXBuildFile; fileRef = D0ADB334295ADA7300E9E779 /* Preview Assets.xcassets */; };
		D0ADB33F295ADA7300E9E779 /* ScrumdingerTests.swift in Sources */ = {isa = PBXBuildFile; fileRef = D0ADB33E295ADA7300E9E779 /* ScrumdingerTests.swift */; };
		D0ADB349295ADA7400E9E779 /* ScrumdingerUITests.swift in Sources */ = {isa = PBXBuildFile; fileRef = D0ADB348295ADA7400E9E779 /* ScrumdingerUITests.swift */; };
		D0ADB34B295ADA7400E9E779 /* ScrumdingerUITestsLaunchTests.swift in Sources */ = {isa = PBXBuildFile; fileRef = D0ADB34A295ADA7400E9E779 /* ScrumdingerUITestsLaunchTests.swift */; };
		D0ADB359295B0F8900E9E779 /* Theme.swift in Sources */ = {isa = PBXBuildFile; fileRef = D0ADB358295B0F8900E9E779 /* Theme.swift */; };
		D0ADB35B295B107500E9E779 /* DailyScrum.swift in Sources */ = {isa = PBXBuildFile; fileRef = D0ADB35A295B107500E9E779 /* DailyScrum.swift */; };
		D0ADB35D295B121D00E9E779 /* CardView.swift in Sources */ = {isa = PBXBuildFile; fileRef = D0ADB35C295B121D00E9E779 /* CardView.swift */; };
		D0ADB35F295B69FB00E9E779 /* TrailingIconLabelStyle.swift in Sources */ = {isa = PBXBuildFile; fileRef = D0ADB35E295B69FB00E9E779 /* TrailingIconLabelStyle.swift */; };
		D0ADB361295B704800E9E779 /* ScrumsView.swift in Sources */ = {isa = PBXBuildFile; fileRef = D0ADB360295B704800E9E779 /* ScrumsView.swift */; };
		D0ADB363295CCDCE00E9E779 /* DetailView.swift in Sources */ = {isa = PBXBuildFile; fileRef = D0ADB362295CCDCE00E9E779 /* DetailView.swift */; };
/* End PBXBuildFile section */

/* Begin PBXContainerItemProxy section */
		D0ADB33B295ADA7300E9E779 /* PBXContainerItemProxy */ = {
			isa = PBXContainerItemProxy;
			containerPortal = D0ADB322295ADA7100E9E779 /* Project object */;
			proxyType = 1;
			remoteGlobalIDString = D0ADB329295ADA7100E9E779;
			remoteInfo = Scrumdinger;
		};
		D0ADB345295ADA7400E9E779 /* PBXContainerItemProxy */ = {
			isa = PBXContainerItemProxy;
			containerPortal = D0ADB322295ADA7100E9E779 /* Project object */;
			proxyType = 1;
			remoteGlobalIDString = D0ADB329295ADA7100E9E779;
			remoteInfo = Scrumdinger;
		};
/* End PBXContainerItemProxy section */

/* Begin PBXFileReference section */
		D00111B62961F70400B5560D /* DetailEditView.swift */ = {isa = PBXFileReference; lastKnownFileType = sourcecode.swift; path = DetailEditView.swift; sourceTree = "<group>"; };
		D00111B82962122600B5560D /* ThemeView.swift */ = {isa = PBXFileReference; lastKnownFileType = sourcecode.swift; path = ThemeView.swift; sourceTree = "<group>"; };
		D00111BA2962B3EB00B5560D /* ThemePicker.swift */ = {isa = PBXFileReference; lastKnownFileType = sourcecode.swift; path = ThemePicker.swift; sourceTree = "<group>"; };
		D00111BC2964108200B5560D /* MeetingHeaderView.swift */ = {isa = PBXFileReference; lastKnownFileType = sourcecode.swift; path = MeetingHeaderView.swift; sourceTree = "<group>"; };
		D0040FD12965E81600249147 /* ScrumProgressViewStyle.swift */ = {isa = PBXFileReference; lastKnownFileType = sourcecode.swift; path = ScrumProgressViewStyle.swift; sourceTree = "<group>"; };
		D0040FD32965E8F300249147 /* ScrumTimer.swift */ = {isa = PBXFileReference; lastKnownFileType = sourcecode.swift; path = ScrumTimer.swift; sourceTree = "<group>"; };
		D0040FD52965ED8F00249147 /* MeetingFooterView.swift */ = {isa = PBXFileReference; lastKnownFileType = sourcecode.swift; path = MeetingFooterView.swift; sourceTree = "<group>"; };
		D0040FD72965F23C00249147 /* AVPlayer+Ding.swift */ = {isa = PBXFileReference; lastKnownFileType = sourcecode.swift; path = "AVPlayer+Ding.swift"; sourceTree = "<group>"; };
		D0ADB32A295ADA7100E9E779 /* Scrumdinger.app */ = {isa = PBXFileReference; explicitFileType = wrapper.application; includeInIndex = 0; path = Scrumdinger.app; sourceTree = BUILT_PRODUCTS_DIR; };
		D0ADB32D295ADA7100E9E779 /* ScrumdingerApp.swift */ = {isa = PBXFileReference; lastKnownFileType = sourcecode.swift; path = ScrumdingerApp.swift; sourceTree = "<group>"; };
		D0ADB32F295ADA7100E9E779 /* MeetingView.swift */ = {isa = PBXFileReference; lastKnownFileType = sourcecode.swift; path = MeetingView.swift; sourceTree = "<group>"; };
		D0ADB331295ADA7300E9E779 /* Assets.xcassets */ = {isa = PBXFileReference; lastKnownFileType = folder.assetcatalog; path = Assets.xcassets; sourceTree = "<group>"; };
		D0ADB334295ADA7300E9E779 /* Preview Assets.xcassets */ = {isa = PBXFileReference; lastKnownFileType = folder.assetcatalog; path = "Preview Assets.xcassets"; sourceTree = "<group>"; };
		D0ADB33A295ADA7300E9E779 /* ScrumdingerTests.xctest */ = {isa = PBXFileReference; explicitFileType = wrapper.cfbundle; includeInIndex = 0; path = ScrumdingerTests.xctest; sourceTree = BUILT_PRODUCTS_DIR; };
		D0ADB33E295ADA7300E9E779 /* ScrumdingerTests.swift */ = {isa = PBXFileReference; lastKnownFileType = sourcecode.swift; path = ScrumdingerTests.swift; sourceTree = "<group>"; };
		D0ADB344295ADA7400E9E779 /* ScrumdingerUITests.xctest */ = {isa = PBXFileReference; explicitFileType = wrapper.cfbundle; includeInIndex = 0; path = ScrumdingerUITests.xctest; sourceTree = BUILT_PRODUCTS_DIR; };
		D0ADB348295ADA7400E9E779 /* ScrumdingerUITests.swift */ = {isa = PBXFileReference; lastKnownFileType = sourcecode.swift; path = ScrumdingerUITests.swift; sourceTree = "<group>"; };
		D0ADB34A295ADA7400E9E779 /* ScrumdingerUITestsLaunchTests.swift */ = {isa = PBXFileReference; lastKnownFileType = sourcecode.swift; path = ScrumdingerUITestsLaunchTests.swift; sourceTree = "<group>"; };
		D0ADB358295B0F8900E9E779 /* Theme.swift */ = {isa = PBXFileReference; lastKnownFileType = sourcecode.swift; path = Theme.swift; sourceTree = "<group>"; };
		D0ADB35A295B107500E9E779 /* DailyScrum.swift */ = {isa = PBXFileReference; lastKnownFileType = sourcecode.swift; path = DailyScrum.swift; sourceTree = "<group>"; };
		D0ADB35C295B121D00E9E779 /* CardView.swift */ = {isa = PBXFileReference; lastKnownFileType = sourcecode.swift; name = CardView.swift; path = Scrumdinger/CardView.swift; sourceTree = SOURCE_ROOT; };
		D0ADB35E295B69FB00E9E779 /* TrailingIconLabelStyle.swift */ = {isa = PBXFileReference; lastKnownFileType = sourcecode.swift; path = TrailingIconLabelStyle.swift; sourceTree = "<group>"; };
		D0ADB360295B704800E9E779 /* ScrumsView.swift */ = {isa = PBXFileReference; lastKnownFileType = sourcecode.swift; path = ScrumsView.swift; sourceTree = "<group>"; };
		D0ADB362295CCDCE00E9E779 /* DetailView.swift */ = {isa = PBXFileReference; lastKnownFileType = sourcecode.swift; path = DetailView.swift; sourceTree = "<group>"; };
/* End PBXFileReference section */

/* Begin PBXFrameworksBuildPhase section */
		D0ADB327295ADA7100E9E779 /* Frameworks */ = {
			isa = PBXFrameworksBuildPhase;
			buildActionMask = 2147483647;
			files = (
			);
			runOnlyForDeploymentPostprocessing = 0;
		};
		D0ADB337295ADA7300E9E779 /* Frameworks */ = {
			isa = PBXFrameworksBuildPhase;
			buildActionMask = 2147483647;
			files = (
			);
			runOnlyForDeploymentPostprocessing = 0;
		};
		D0ADB341295ADA7400E9E779 /* Frameworks */ = {
			isa = PBXFrameworksBuildPhase;
			buildActionMask = 2147483647;
			files = (
			);
			runOnlyForDeploymentPostprocessing = 0;
		};
/* End PBXFrameworksBuildPhase section */

/* Begin PBXGroup section */
		D0ADB321295ADA7100E9E779 = {
			isa = PBXGroup;
			children = (
				D0ADB32C295ADA7100E9E779 /* Scrumdinger */,
				D0ADB33D295ADA7300E9E779 /* ScrumdingerTests */,
				D0ADB347295ADA7400E9E779 /* ScrumdingerUITests */,
				D0ADB32B295ADA7100E9E779 /* Products */,
			);
			sourceTree = "<group>";
		};
		D0ADB32B295ADA7100E9E779 /* Products */ = {
			isa = PBXGroup;
			children = (
				D0ADB32A295ADA7100E9E779 /* Scrumdinger.app */,
				D0ADB33A295ADA7300E9E779 /* ScrumdingerTests.xctest */,
				D0ADB344295ADA7400E9E779 /* ScrumdingerUITests.xctest */,
			);
			name = Products;
			sourceTree = "<group>";
		};
		D0ADB32C295ADA7100E9E779 /* Scrumdinger */ = {
			isa = PBXGroup;
			children = (
				D0ADB357295B0F6800E9E779 /* Models */,
				D0ADB32D295ADA7100E9E779 /* ScrumdingerApp.swift */,
				D0040FD12965E81600249147 /* ScrumProgressViewStyle.swift */,
				D0ADB35C295B121D00E9E779 /* CardView.swift */,
				D0ADB32F295ADA7100E9E779 /* MeetingView.swift */,
				D0ADB360295B704800E9E779 /* ScrumsView.swift */,
				D0ADB35E295B69FB00E9E779 /* TrailingIconLabelStyle.swift */,
				D0ADB362295CCDCE00E9E779 /* DetailView.swift */,
				D00111BC2964108200B5560D /* MeetingHeaderView.swift */,
				D0040FD52965ED8F00249147 /* MeetingFooterView.swift */,
				D00111BA2962B3EB00B5560D /* ThemePicker.swift */,
				D00111B62961F70400B5560D /* DetailEditView.swift */,
				D00111B82962122600B5560D /* ThemeView.swift */,
				D0ADB331295ADA7300E9E779 /* Assets.xcassets */,
				D0ADB333295ADA7300E9E779 /* Preview Content */,
			);
			path = Scrumdinger;
			sourceTree = "<group>";
		};
		D0ADB333295ADA7300E9E779 /* Preview Content */ = {
			isa = PBXGroup;
			children = (
				D0ADB334295ADA7300E9E779 /* Preview Assets.xcassets */,
			);
			path = "Preview Content";
			sourceTree = "<group>";
		};
		D0ADB33D295ADA7300E9E779 /* ScrumdingerTests */ = {
			isa = PBXGroup;
			children = (
				D0ADB33E295ADA7300E9E779 /* ScrumdingerTests.swift */,
			);
			path = ScrumdingerTests;
			sourceTree = "<group>";
		};
		D0ADB347295ADA7400E9E779 /* ScrumdingerUITests */ = {
			isa = PBXGroup;
			children = (
				D0ADB348295ADA7400E9E779 /* ScrumdingerUITests.swift */,
				D0ADB34A295ADA7400E9E779 /* ScrumdingerUITestsLaunchTests.swift */,
			);
			path = ScrumdingerUITests;
			sourceTree = "<group>";
		};
		D0ADB357295B0F6800E9E779 /* Models */ = {
			isa = PBXGroup;
			children = (
				D0ADB35A295B107500E9E779 /* DailyScrum.swift */,
				D0ADB358295B0F8900E9E779 /* Theme.swift */,
				D0040FD32965E8F300249147 /* ScrumTimer.swift */,
				D0040FD72965F23C00249147 /* AVPlayer+Ding.swift */,
			);
			path = Models;
			sourceTree = "<group>";
		};
/* End PBXGroup section */

/* Begin PBXNativeTarget section */
		D0ADB329295ADA7100E9E779 /* Scrumdinger */ = {
			isa = PBXNativeTarget;
			buildConfigurationList = D0ADB34E295ADA7400E9E779 /* Build configuration list for PBXNativeTarget "Scrumdinger" */;
			buildPhases = (
				D0ADB326295ADA7100E9E779 /* Sources */,
				D0ADB327295ADA7100E9E779 /* Frameworks */,
				D0ADB328295ADA7100E9E779 /* Resources */,
			);
			buildRules = (
			);
			dependencies = (
			);
			name = Scrumdinger;
			productName = Scrumdinger;
			productReference = D0ADB32A295ADA7100E9E779 /* Scrumdinger.app */;
			productType = "com.apple.product-type.application";
		};
		D0ADB339295ADA7300E9E779 /* ScrumdingerTests */ = {
			isa = PBXNativeTarget;
			buildConfigurationList = D0ADB351295ADA7400E9E779 /* Build configuration list for PBXNativeTarget "ScrumdingerTests" */;
			buildPhases = (
				D0ADB336295ADA7300E9E779 /* Sources */,
				D0ADB337295ADA7300E9E779 /* Frameworks */,
				D0ADB338295ADA7300E9E779 /* Resources */,
			);
			buildRules = (
			);
			dependencies = (
				D0ADB33C295ADA7300E9E779 /* PBXTargetDependency */,
			);
			name = ScrumdingerTests;
			productName = ScrumdingerTests;
			productReference = D0ADB33A295ADA7300E9E779 /* ScrumdingerTests.xctest */;
			productType = "com.apple.product-type.bundle.unit-test";
		};
		D0ADB343295ADA7400E9E779 /* ScrumdingerUITests */ = {
			isa = PBXNativeTarget;
			buildConfigurationList = D0ADB354295ADA7400E9E779 /* Build configuration list for PBXNativeTarget "ScrumdingerUITests" */;
			buildPhases = (
				D0ADB340295ADA7400E9E779 /* Sources */,
				D0ADB341295ADA7400E9E779 /* Frameworks */,
				D0ADB342295ADA7400E9E779 /* Resources */,
			);
			buildRules = (
			);
			dependencies = (
				D0ADB346295ADA7400E9E779 /* PBXTargetDependency */,
			);
			name = ScrumdingerUITests;
			productName = ScrumdingerUITests;
			productReference = D0ADB344295ADA7400E9E779 /* ScrumdingerUITests.xctest */;
			productType = "com.apple.product-type.bundle.ui-testing";
		};
/* End PBXNativeTarget section */

/* Begin PBXProject section */
		D0ADB322295ADA7100E9E779 /* Project object */ = {
			isa = PBXProject;
			attributes = {
				BuildIndependentTargetsInParallel = 1;
				LastSwiftUpdateCheck = 1420;
				LastUpgradeCheck = 1420;
				TargetAttributes = {
					D0ADB329295ADA7100E9E779 = {
						CreatedOnToolsVersion = 14.2;
					};
					D0ADB339295ADA7300E9E779 = {
						CreatedOnToolsVersion = 14.2;
						TestTargetID = D0ADB329295ADA7100E9E779;
					};
					D0ADB343295ADA7400E9E779 = {
						CreatedOnToolsVersion = 14.2;
						TestTargetID = D0ADB329295ADA7100E9E779;
					};
				};
			};
			buildConfigurationList = D0ADB325295ADA7100E9E779 /* Build configuration list for PBXProject "Scrumdinger" */;
			compatibilityVersion = "Xcode 14.0";
			developmentRegion = en;
			hasScannedForEncodings = 0;
			knownRegions = (
				en,
				Base,
			);
			mainGroup = D0ADB321295ADA7100E9E779;
			productRefGroup = D0ADB32B295ADA7100E9E779 /* Products */;
			projectDirPath = "";
			projectRoot = "";
			targets = (
				D0ADB329295ADA7100E9E779 /* Scrumdinger */,
				D0ADB339295ADA7300E9E779 /* ScrumdingerTests */,
				D0ADB343295ADA7400E9E779 /* ScrumdingerUITests */,
			);
		};
/* End PBXProject section */

/* Begin PBXResourcesBuildPhase section */
		D0ADB328295ADA7100E9E779 /* Resources */ = {
			isa = PBXResourcesBuildPhase;
			buildActionMask = 2147483647;
			files = (
				D0ADB335295ADA7300E9E779 /* Preview Assets.xcassets in Resources */,
				D0ADB332295ADA7300E9E779 /* Assets.xcassets in Resources */,
			);
			runOnlyForDeploymentPostprocessing = 0;
		};
		D0ADB338295ADA7300E9E779 /* Resources */ = {
			isa = PBXResourcesBuildPhase;
			buildActionMask = 2147483647;
			files = (
			);
			runOnlyForDeploymentPostprocessing = 0;
		};
		D0ADB342295ADA7400E9E779 /* Resources */ = {
			isa = PBXResourcesBuildPhase;
			buildActionMask = 2147483647;
			files = (
			);
			runOnlyForDeploymentPostprocessing = 0;
		};
/* End PBXResourcesBuildPhase section */

/* Begin PBXSourcesBuildPhase section */
		D0ADB326295ADA7100E9E779 /* Sources */ = {
			isa = PBXSourcesBuildPhase;
			buildActionMask = 2147483647;
			files = (
				D0ADB35B295B107500E9E779 /* DailyScrum.swift in Sources */,
				D0040FD22965E81600249147 /* ScrumProgressViewStyle.swift in Sources */,
				D0040FD62965ED8F00249147 /* MeetingFooterView.swift in Sources */,
				D0040FD42965E8F300249147 /* ScrumTimer.swift in Sources */,
				D00111B92962122600B5560D /* ThemeView.swift in Sources */,
				D0ADB363295CCDCE00E9E779 /* DetailView.swift in Sources */,
				D0ADB35F295B69FB00E9E779 /* TrailingIconLabelStyle.swift in Sources */,
				D0ADB359295B0F8900E9E779 /* Theme.swift in Sources */,
				D0ADB361295B704800E9E779 /* ScrumsView.swift in Sources */,
				D00111BD2964108200B5560D /* MeetingHeaderView.swift in Sources */,
				D0ADB330295ADA7100E9E779 /* MeetingView.swift in Sources */,
				D0ADB32E295ADA7100E9E779 /* ScrumdingerApp.swift in Sources */,
				D00111B72961F70400B5560D /* DetailEditView.swift in Sources */,
				D00111BB2962B3EB00B5560D /* ThemePicker.swift in Sources */,
				D0ADB35D295B121D00E9E779 /* CardView.swift in Sources */,
				D0040FD82965F23C00249147 /* AVPlayer+Ding.swift in Sources */,
			);
			runOnlyForDeploymentPostprocessing = 0;
		};
		D0ADB336295ADA7300E9E779 /* Sources */ = {
			isa = PBXSourcesBuildPhase;
			buildActionMask = 2147483647;
			files = (
				D0ADB33F295ADA7300E9E779 /* ScrumdingerTests.swift in Sources */,
			);
			runOnlyForDeploymentPostprocessing = 0;
		};
		D0ADB340295ADA7400E9E779 /* Sources */ = {
			isa = PBXSourcesBuildPhase;
			buildActionMask = 2147483647;
			files = (
				D0ADB34B295ADA7400E9E779 /* ScrumdingerUITestsLaunchTests.swift in Sources */,
				D0ADB349295ADA7400E9E779 /* ScrumdingerUITests.swift in Sources */,
			);
			runOnlyForDeploymentPostprocessing = 0;
		};
/* End PBXSourcesBuildPhase section */

/* Begin PBXTargetDependency section */
		D0ADB33C295ADA7300E9E779 /* PBXTargetDependency */ = {
			isa = PBXTargetDependency;
			target = D0ADB329295ADA7100E9E779 /* Scrumdinger */;
			targetProxy = D0ADB33B295ADA7300E9E779 /* PBXContainerItemProxy */;
		};
		D0ADB346295ADA7400E9E779 /* PBXTargetDependency */ = {
			isa = PBXTargetDependency;
			target = D0ADB329295ADA7100E9E779 /* Scrumdinger */;
			targetProxy = D0ADB345295ADA7400E9E779 /* PBXContainerItemProxy */;
		};
/* End PBXTargetDependency section */

/* Begin XCBuildConfiguration section */
		D0ADB34C295ADA7400E9E779 /* Debug */ = {
			isa = XCBuildConfiguration;
			buildSettings = {
				ALWAYS_SEARCH_USER_PATHS = NO;
				CLANG_ANALYZER_NONNULL = YES;
				CLANG_ANALYZER_NUMBER_OBJECT_CONVERSION = YES_AGGRESSIVE;
				CLANG_CXX_LANGUAGE_STANDARD = "gnu++20";
				CLANG_ENABLE_MODULES = YES;
				CLANG_ENABLE_OBJC_ARC = YES;
				CLANG_ENABLE_OBJC_WEAK = YES;
				CLANG_WARN_BLOCK_CAPTURE_AUTORELEASING = YES;
				CLANG_WARN_BOOL_CONVERSION = YES;
				CLANG_WARN_COMMA = YES;
				CLANG_WARN_CONSTANT_CONVERSION = YES;
				CLANG_WARN_DEPRECATED_OBJC_IMPLEMENTATIONS = YES;
				CLANG_WARN_DIRECT_OBJC_ISA_USAGE = YES_ERROR;
				CLANG_WARN_DOCUMENTATION_COMMENTS = YES;
				CLANG_WARN_EMPTY_BODY = YES;
				CLANG_WARN_ENUM_CONVERSION = YES;
				CLANG_WARN_INFINITE_RECURSION = YES;
				CLANG_WARN_INT_CONVERSION = YES;
				CLANG_WARN_NON_LITERAL_NULL_CONVERSION = YES;
				CLANG_WARN_OBJC_IMPLICIT_RETAIN_SELF = YES;
				CLANG_WARN_OBJC_LITERAL_CONVERSION = YES;
				CLANG_WARN_OBJC_ROOT_CLASS = YES_ERROR;
				CLANG_WARN_QUOTED_INCLUDE_IN_FRAMEWORK_HEADER = YES;
				CLANG_WARN_RANGE_LOOP_ANALYSIS = YES;
				CLANG_WARN_STRICT_PROTOTYPES = YES;
				CLANG_WARN_SUSPICIOUS_MOVE = YES;
				CLANG_WARN_UNGUARDED_AVAILABILITY = YES_AGGRESSIVE;
				CLANG_WARN_UNREACHABLE_CODE = YES;
				CLANG_WARN__DUPLICATE_METHOD_MATCH = YES;
				COPY_PHASE_STRIP = NO;
				DEBUG_INFORMATION_FORMAT = dwarf;
				ENABLE_STRICT_OBJC_MSGSEND = YES;
				ENABLE_TESTABILITY = YES;
				GCC_C_LANGUAGE_STANDARD = gnu11;
				GCC_DYNAMIC_NO_PIC = NO;
				GCC_NO_COMMON_BLOCKS = YES;
				GCC_OPTIMIZATION_LEVEL = 0;
				GCC_PREPROCESSOR_DEFINITIONS = (
					"DEBUG=1",
					"$(inherited)",
				);
				GCC_WARN_64_TO_32_BIT_CONVERSION = YES;
				GCC_WARN_ABOUT_RETURN_TYPE = YES_ERROR;
				GCC_WARN_UNDECLARED_SELECTOR = YES;
				GCC_WARN_UNINITIALIZED_AUTOS = YES_AGGRESSIVE;
				GCC_WARN_UNUSED_FUNCTION = YES;
				GCC_WARN_UNUSED_VARIABLE = YES;
				IPHONEOS_DEPLOYMENT_TARGET = 16.2;
				MTL_ENABLE_DEBUG_INFO = INCLUDE_SOURCE;
				MTL_FAST_MATH = YES;
				ONLY_ACTIVE_ARCH = YES;
				SDKROOT = iphoneos;
				SWIFT_ACTIVE_COMPILATION_CONDITIONS = DEBUG;
				SWIFT_OPTIMIZATION_LEVEL = "-Onone";
			};
			name = Debug;
		};
		D0ADB34D295ADA7400E9E779 /* Release */ = {
			isa = XCBuildConfiguration;
			buildSettings = {
				ALWAYS_SEARCH_USER_PATHS = NO;
				CLANG_ANALYZER_NONNULL = YES;
				CLANG_ANALYZER_NUMBER_OBJECT_CONVERSION = YES_AGGRESSIVE;
				CLANG_CXX_LANGUAGE_STANDARD = "gnu++20";
				CLANG_ENABLE_MODULES = YES;
				CLANG_ENABLE_OBJC_ARC = YES;
				CLANG_ENABLE_OBJC_WEAK = YES;
				CLANG_WARN_BLOCK_CAPTURE_AUTORELEASING = YES;
				CLANG_WARN_BOOL_CONVERSION = YES;
				CLANG_WARN_COMMA = YES;
				CLANG_WARN_CONSTANT_CONVERSION = YES;
				CLANG_WARN_DEPRECATED_OBJC_IMPLEMENTATIONS = YES;
				CLANG_WARN_DIRECT_OBJC_ISA_USAGE = YES_ERROR;
				CLANG_WARN_DOCUMENTATION_COMMENTS = YES;
				CLANG_WARN_EMPTY_BODY = YES;
				CLANG_WARN_ENUM_CONVERSION = YES;
				CLANG_WARN_INFINITE_RECURSION = YES;
				CLANG_WARN_INT_CONVERSION = YES;
				CLANG_WARN_NON_LITERAL_NULL_CONVERSION = YES;
				CLANG_WARN_OBJC_IMPLICIT_RETAIN_SELF = YES;
				CLANG_WARN_OBJC_LITERAL_CONVERSION = YES;
				CLANG_WARN_OBJC_ROOT_CLASS = YES_ERROR;
				CLANG_WARN_QUOTED_INCLUDE_IN_FRAMEWORK_HEADER = YES;
				CLANG_WARN_RANGE_LOOP_ANALYSIS = YES;
				CLANG_WARN_STRICT_PROTOTYPES = YES;
				CLANG_WARN_SUSPICIOUS_MOVE = YES;
				CLANG_WARN_UNGUARDED_AVAILABILITY = YES_AGGRESSIVE;
				CLANG_WARN_UNREACHABLE_CODE = YES;
				CLANG_WARN__DUPLICATE_METHOD_MATCH = YES;
				COPY_PHASE_STRIP = NO;
				DEBUG_INFORMATION_FORMAT = "dwarf-with-dsym";
				ENABLE_NS_ASSERTIONS = NO;
				ENABLE_STRICT_OBJC_MSGSEND = YES;
				GCC_C_LANGUAGE_STANDARD = gnu11;
				GCC_NO_COMMON_BLOCKS = YES;
				GCC_WARN_64_TO_32_BIT_CONVERSION = YES;
				GCC_WARN_ABOUT_RETURN_TYPE = YES_ERROR;
				GCC_WARN_UNDECLARED_SELECTOR = YES;
				GCC_WARN_UNINITIALIZED_AUTOS = YES_AGGRESSIVE;
				GCC_WARN_UNUSED_FUNCTION = YES;
				GCC_WARN_UNUSED_VARIABLE = YES;
				IPHONEOS_DEPLOYMENT_TARGET = 16.2;
				MTL_ENABLE_DEBUG_INFO = NO;
				MTL_FAST_MATH = YES;
				SDKROOT = iphoneos;
				SWIFT_COMPILATION_MODE = wholemodule;
				SWIFT_OPTIMIZATION_LEVEL = "-O";
				VALIDATE_PRODUCT = YES;
			};
			name = Release;
		};
		D0ADB34F295ADA7400E9E779 /* Debug */ = {
			isa = XCBuildConfiguration;
			buildSettings = {
				ASSETCATALOG_COMPILER_APPICON_NAME = AppIcon;
				ASSETCATALOG_COMPILER_GLOBAL_ACCENT_COLOR_NAME = AccentColor;
				CODE_SIGN_STYLE = Automatic;
				CURRENT_PROJECT_VERSION = 1;
				DEVELOPMENT_ASSET_PATHS = "\"Scrumdinger/Preview Content\"";
				DEVELOPMENT_TEAM = HLK95P7L7C;
				ENABLE_PREVIEWS = YES;
				GENERATE_INFOPLIST_FILE = YES;
				INFOPLIST_KEY_UIApplicationSceneManifest_Generation = YES;
				INFOPLIST_KEY_UIApplicationSupportsIndirectInputEvents = YES;
				INFOPLIST_KEY_UILaunchScreen_Generation = YES;
				INFOPLIST_KEY_UISupportedInterfaceOrientations_iPad = "UIInterfaceOrientationPortrait UIInterfaceOrientationPortraitUpsideDown UIInterfaceOrientationLandscapeLeft UIInterfaceOrientationLandscapeRight";
				INFOPLIST_KEY_UISupportedInterfaceOrientations_iPhone = "UIInterfaceOrientationPortrait UIInterfaceOrientationLandscapeLeft UIInterfaceOrientationLandscapeRight";
				LD_RUNPATH_SEARCH_PATHS = (
					"$(inherited)",
					"@executable_path/Frameworks",
				);
				MARKETING_VERSION = 1.0;
				PRODUCT_BUNDLE_IDENTIFIER = com.kondwanimsiska.Scrumdinger;
				PRODUCT_NAME = "$(TARGET_NAME)";
				SWIFT_EMIT_LOC_STRINGS = YES;
				SWIFT_VERSION = 5.0;
				TARGETED_DEVICE_FAMILY = "1,2";
			};
			name = Debug;
		};
		D0ADB350295ADA7400E9E779 /* Release */ = {
			isa = XCBuildConfiguration;
			buildSettings = {
				ASSETCATALOG_COMPILER_APPICON_NAME = AppIcon;
				ASSETCATALOG_COMPILER_GLOBAL_ACCENT_COLOR_NAME = AccentColor;
				CODE_SIGN_STYLE = Automatic;
				CURRENT_PROJECT_VERSION = 1;
				DEVELOPMENT_ASSET_PATHS = "\"Scrumdinger/Preview Content\"";
				DEVELOPMENT_TEAM = HLK95P7L7C;
				ENABLE_PREVIEWS = YES;
				GENERATE_INFOPLIST_FILE = YES;
				INFOPLIST_KEY_UIApplicationSceneManifest_Generation = YES;
				INFOPLIST_KEY_UIApplicationSupportsIndirectInputEvents = YES;
				INFOPLIST_KEY_UILaunchScreen_Generation = YES;
				INFOPLIST_KEY_UISupportedInterfaceOrientations_iPad = "UIInterfaceOrientationPortrait UIInterfaceOrientationPortraitUpsideDown UIInterfaceOrientationLandscapeLeft UIInterfaceOrientationLandscapeRight";
				INFOPLIST_KEY_UISupportedInterfaceOrientations_iPhone = "UIInterfaceOrientationPortrait UIInterfaceOrientationLandscapeLeft UIInterfaceOrientationLandscapeRight";
				LD_RUNPATH_SEARCH_PATHS = (
					"$(inherited)",
					"@executable_path/Frameworks",
				);
				MARKETING_VERSION = 1.0;
				PRODUCT_BUNDLE_IDENTIFIER = com.kondwanimsiska.Scrumdinger;
				PRODUCT_NAME = "$(TARGET_NAME)";
				SWIFT_EMIT_LOC_STRINGS = YES;
				SWIFT_VERSION = 5.0;
				TARGETED_DEVICE_FAMILY = "1,2";
			};
			name = Release;
		};
		D0ADB352295ADA7400E9E779 /* Debug */ = {
			isa = XCBuildConfiguration;
			buildSettings = {
				ALWAYS_EMBED_SWIFT_STANDARD_LIBRARIES = YES;
				BUNDLE_LOADER = "$(TEST_HOST)";
				CODE_SIGN_STYLE = Automatic;
				CURRENT_PROJECT_VERSION = 1;
				DEVELOPMENT_TEAM = HLK95P7L7C;
				GENERATE_INFOPLIST_FILE = YES;
				IPHONEOS_DEPLOYMENT_TARGET = 16.2;
				MARKETING_VERSION = 1.0;
				PRODUCT_BUNDLE_IDENTIFIER = com.kondwanimsiska.ScrumdingerTests;
				PRODUCT_NAME = "$(TARGET_NAME)";
				SWIFT_EMIT_LOC_STRINGS = NO;
				SWIFT_VERSION = 5.0;
				TARGETED_DEVICE_FAMILY = "1,2";
				TEST_HOST = "$(BUILT_PRODUCTS_DIR)/Scrumdinger.app/$(BUNDLE_EXECUTABLE_FOLDER_PATH)/Scrumdinger";
			};
			name = Debug;
		};
		D0ADB353295ADA7400E9E779 /* Release */ = {
			isa = XCBuildConfiguration;
			buildSettings = {
				ALWAYS_EMBED_SWIFT_STANDARD_LIBRARIES = YES;
				BUNDLE_LOADER = "$(TEST_HOST)";
				CODE_SIGN_STYLE = Automatic;
				CURRENT_PROJECT_VERSION = 1;
				DEVELOPMENT_TEAM = HLK95P7L7C;
				GENERATE_INFOPLIST_FILE = YES;
				IPHONEOS_DEPLOYMENT_TARGET = 16.2;
				MARKETING_VERSION = 1.0;
				PRODUCT_BUNDLE_IDENTIFIER = com.kondwanimsiska.ScrumdingerTests;
				PRODUCT_NAME = "$(TARGET_NAME)";
				SWIFT_EMIT_LOC_STRINGS = NO;
				SWIFT_VERSION = 5.0;
				TARGETED_DEVICE_FAMILY = "1,2";
				TEST_HOST = "$(BUILT_PRODUCTS_DIR)/Scrumdinger.app/$(BUNDLE_EXECUTABLE_FOLDER_PATH)/Scrumdinger";
			};
			name = Release;
		};
		D0ADB355295ADA7400E9E779 /* Debug */ = {
			isa = XCBuildConfiguration;
			buildSettings = {
				ALWAYS_EMBED_SWIFT_STANDARD_LIBRARIES = YES;
				CODE_SIGN_STYLE = Automatic;
				CURRENT_PROJECT_VERSION = 1;
				DEVELOPMENT_TEAM = HLK95P7L7C;
				GENERATE_INFOPLIST_FILE = YES;
				MARKETING_VERSION = 1.0;
				PRODUCT_BUNDLE_IDENTIFIER = com.kondwanimsiska.ScrumdingerUITests;
				PRODUCT_NAME = "$(TARGET_NAME)";
				SWIFT_EMIT_LOC_STRINGS = NO;
				SWIFT_VERSION = 5.0;
				TARGETED_DEVICE_FAMILY = "1,2";
				TEST_TARGET_NAME = Scrumdinger;
			};
			name = Debug;
		};
		D0ADB356295ADA7400E9E779 /* Release */ = {
			isa = XCBuildConfiguration;
			buildSettings = {
				ALWAYS_EMBED_SWIFT_STANDARD_LIBRARIES = YES;
				CODE_SIGN_STYLE = Automatic;
				CURRENT_PROJECT_VERSION = 1;
				DEVELOPMENT_TEAM = HLK95P7L7C;
				GENERATE_INFOPLIST_FILE = YES;
				MARKETING_VERSION = 1.0;
				PRODUCT_BUNDLE_IDENTIFIER = com.kondwanimsiska.ScrumdingerUITests;
				PRODUCT_NAME = "$(TARGET_NAME)";
				SWIFT_EMIT_LOC_STRINGS = NO;
				SWIFT_VERSION = 5.0;
				TARGETED_DEVICE_FAMILY = "1,2";
				TEST_TARGET_NAME = Scrumdinger;
			};
			name = Release;
		};
/* End XCBuildConfiguration section */

/* Begin XCConfigurationList section */
		D0ADB325295ADA7100E9E779 /* Build configuration list for PBXProject "Scrumdinger" */ = {
			isa = XCConfigurationList;
			buildConfigurations = (
				D0ADB34C295ADA7400E9E779 /* Debug */,
				D0ADB34D295ADA7400E9E779 /* Release */,
			);
			defaultConfigurationIsVisible = 0;
			defaultConfigurationName = Release;
		};
		D0ADB34E295ADA7400E9E779 /* Build configuration list for PBXNativeTarget "Scrumdinger" */ = {
			isa = XCConfigurationList;
			buildConfigurations = (
				D0ADB34F295ADA7400E9E779 /* Debug */,
				D0ADB350295ADA7400E9E779 /* Release */,
			);
			defaultConfigurationIsVisible = 0;
			defaultConfigurationName = Release;
		};
		D0ADB351295ADA7400E9E779 /* Build configuration list for PBXNativeTarget "ScrumdingerTests" */ = {
			isa = XCConfigurationList;
			buildConfigurations = (
				D0ADB352295ADA7400E9E779 /* Debug */,
				D0ADB353295ADA7400E9E779 /* Release */,
			);
			defaultConfigurationIsVisible = 0;
			defaultConfigurationName = Release;
		};
		D0ADB354295ADA7400E9E779 /* Build configuration list for PBXNativeTarget "ScrumdingerUITests" */ = {
			isa = XCConfigurationList;
			buildConfigurations = (
				D0ADB355295ADA7400E9E779 /* Debug */,
				D0ADB356295ADA7400E9E779 /* Release */,
			);
			defaultConfigurationIsVisible = 0;
			defaultConfigurationName = Release;
		};
/* End XCConfigurationList section */
	};
	rootObject = D0ADB322295ADA7100E9E779 /* Project object */;
}
